{
    archiveVersion = 1;
    classes = {};
    objectVersion = 56;
    objects = {
        AA000001 /* NARA */ = {isa = PBXNativeTarget; buildConfigurationList = AA00000A; buildPhases = (AA000002, AA000003, AA000004); buildRules = (); dependencies = (); name = NARA; productName = NARA; productReference = AA000005; productType = "com.apple.product-type.application";};
        AA000002 /* Sources */ = {isa = PBXSourcesBuildPhase; buildActionMask = 2147483647; files = (AA000006, AA000007); runOnlyForDeploymentPostprocessing = 0;};
        AA000003 /* Frameworks */ = {isa = PBXFrameworksBuildPhase; buildActionMask = 2147483647; files = (); runOnlyForDeploymentPostprocessing = 0;};
        AA000004 /* Resources */ = {isa = PBXResourcesBuildPhase; buildActionMask = 2147483647; files = (AA000008); runOnlyForDeploymentPostprocessing = 0;};
        AA000005 /* NARA.app */ = {isa = PBXFileReference; explicitFileType = wrapper.application; includeInIndex = 0; path = NARA.app; sourceTree = BUILT_PRODUCTS_DIR;};
        AA000006 /* NARAApp.swift */ = {isa = PBXBuildFile; fileRef = AA00000B;};
        AA000007 /* ContentView.swift */ = {isa = PBXBuildFile; fileRef = AA00000C;};
        AA000008 /* LaunchScreen.storyboard */ = {isa = PBXBuildFile; fileRef = AA00000D;};
        AA000009 /* NARA.xcodeproj */ = {isa = PBXProject; attributes = {BuildIndependentTargetsInParallel = 1; LastSwiftUpdateCheck = 1420;}; buildConfigurationList = AA00000E; compatibilityVersion = "Xcode 14.0"; developmentRegion = en; hasScannedForEncodings = 0; knownRegions = (en, Base, sv); mainGroup = AA00000F; productRefGroup = AA000010; projectDirPath = ""; projectRoot = ""; targets = (AA000001);};
        AA00000A /* Build config list NARA */ = {isa = XCConfigurationList; buildConfigurations = (AA000011, AA000012); defaultConfigurationIsVisible = 0; defaultConfigurationName = Release;};
        AA00000B /* NARAApp.swift ref */ = {isa = PBXFileReference; lastKnownFileType = sourcecode.swift; path = NARAApp.swift; sourceTree = "<group>";};
        AA00000C /* ContentView.swift ref */ = {isa = PBXFileReference; lastKnownFileType = sourcecode.swift; path = ContentView.swift; sourceTree = "<group>";};
        AA00000D /* LaunchScreen ref */ = {isa = PBXFileReference; lastKnownFileType = file.storyboard; path = LaunchScreen.storyboard; sourceTree = "<group>";};
        AA00000E /* Project config list */ = {isa = XCConfigurationList; buildConfigurations = (AA000013, AA000014); defaultConfigurationIsVisible = 0; defaultConfigurationName = Release;};
        AA00000F /* Main group */ = {isa = PBXGroup; children = (AA000010, AA000015, AA000016); sourceTree = "<group>";};
        AA000010 /* Products */ = {isa = PBXGroup; children = (AA000005); name = Products; sourceTree = "<group>";};
        AA000011 /* Debug NARA */ = {isa = XCBuildConfiguration; buildSettings = {ASSETCATALOG_COMPILER_APPICON_NAME = AppIcon; ASSETCATALOG_COMPILER_GLOBAL_ACCENT_COLOR_NAME = AccentColor; CODE_SIGN_STYLE = Automatic; DEVELOPMENT_TEAM = ""; INFOPLIST_FILE = NARA/Info.plist; IPHONEOS_DEPLOYMENT_TARGET = 16.0; LD_RUNPATH_SEARCH_PATHS = ("$(inherited)", "@executable_path/Frameworks"); PRODUCT_BUNDLE_IDENTIFIER = se.naraapp.nara; PRODUCT_NAME = "$(TARGET_NAME)"; SWIFT_EMIT_LOC_STRINGS = YES; SWIFT_VERSION = 5.0; TARGETED_DEVICE_FAMILY = "1,2";}; name = Debug;};
        AA000012 /* Release NARA */ = {isa = XCBuildConfiguration; buildSettings = {ASSETCATALOG_COMPILER_APPICON_NAME = AppIcon; ASSETCATALOG_COMPILER_GLOBAL_ACCENT_COLOR_NAME = AccentColor; CODE_SIGN_STYLE = Automatic; DEVELOPMENT_TEAM = ""; INFOPLIST_FILE = NARA/Info.plist; IPHONEOS_DEPLOYMENT_TARGET = 16.0; LD_RUNPATH_SEARCH_PATHS = ("$(inherited)", "@executable_path/Frameworks"); PRODUCT_BUNDLE_IDENTIFIER = se.naraapp.nara; PRODUCT_NAME = "$(TARGET_NAME)"; SWIFT_EMIT_LOC_STRINGS = YES; SWIFT_VERSION = 5.0; TARGETED_DEVICE_FAMILY = "1,2";}; name = Release;};
        AA000013 /* Debug Project */ = {isa = XCBuildConfiguration; buildSettings = {ALWAYS_SEARCH_USER_PATHS = NO; CLANG_ANALYZER_NONNULL = YES; CLANG_ENABLE_MODULES = YES; CODE_SIGN_STYLE = Automatic; MARKETING_VERSION = 1.0; CURRENT_PROJECT_VERSION = 1; SWIFT_VERSION = 5.0;}; name = Debug;};
        AA000014 /* Release Project */ = {isa = XCBuildConfiguration; buildSettings = {ALWAYS_SEARCH_USER_PATHS = NO; CLANG_ANALYZER_NONNULL = YES; CLANG_ENABLE_MODULES = YES; CODE_SIGN_STYLE = Automatic; MARKETING_VERSION = 1.0; CURRENT_PROJECT_VERSION = 1; SWIFT_VERSION = 5.0;}; name = Release;};
        AA000015 /* NARA group */ = {isa = PBXGroup; children = (AA00000B, AA00000C, AA00000D, AA000017); path = NARA; sourceTree = "<group>";};
        AA000016 /* NARA.xcodeproj wrapper */ = {isa = PBXGroup; children = (); name = "NARA.xcodeproj"; sourceTree = "<group>";};
        AA000017 /* Info.plist ref */ = {isa = PBXFileReference; lastKnownFileType = text.plist.xml; path = Info.plist; sourceTree = "<group>";};
    };
    rootObject = AA000009;
}